{
  "requires": true,
  "lockfileVersion": 1,
  "dependencies": {
    "animejs": {
      "version": "2.2.0",
      "resolved": "https://registry.npmjs.org/animejs/-/animejs-2.2.0.tgz",
      "integrity": "sha1-Ne79/FNbgZScnLBvCz5gwC5v3IA="
    },
    "particles.js": {
      "version": "2.0.0",
      "resolved": "https://registry.npmjs.org/particles.js/-/particles.js-2.0.0.tgz",
      "integrity": "sha1-IThsQyjWx/lngKIB6W7t/AnHNvY="
    },
    "velocity-animate": {
      "version": "1.5.0",
      "resolved": "https://registry.npmjs.org/velocity-animate/-/velocity-animate-1.5.0.tgz",
      "integrity": "sha1-/Idx2N/hE2/wKnB+EPuwlXxLAw8="
    },
    "walkway.js": {
      "version": "0.0.6",
      "resolved": "https://registry.npmjs.org/walkway.js/-/walkway.js-0.0.6.tgz",
      "integrity": "sha1-LXH/pJ5Xux4/CVwtSaT05XjQItw="
    }
  }
}
